// !$*UTF8*$!
{
	archiveVersion = 1;
	classes = {
	};
	objectVersion = 46;
	objects = {

/* Begin PBXBuildFile section */
		17BB08A91AE6D99000B0FBDA /* AppDelegate.swift in Sources */ = {isa = PBXBuildFile; fileRef = 17BB08A81AE6D99000B0FBDA /* AppDelegate.swift */; };
		17BB08AB1AE6D99000B0FBDA /* ViewController.swift in Sources */ = {isa = PBXBuildFile; fileRef = 17BB08AA1AE6D99000B0FBDA /* ViewController.swift */; };
		17BB08AE1AE6D99000B0FBDA /* Main.storyboard in Resources */ = {isa = PBXBuildFile; fileRef = 17BB08AC1AE6D99000B0FBDA /* Main.storyboard */; };
		17BB08B01AE6D99000B0FBDA /* Images.xcassets in Resources */ = {isa = PBXBuildFile; fileRef = 17BB08AF1AE6D99000B0FBDA /* Images.xcassets */; };
		17BB08B31AE6D99000B0FBDA /* LaunchScreen.xib in Resources */ = {isa = PBXBuildFile; fileRef = 17BB08B11AE6D99000B0FBDA /* LaunchScreen.xib */; };
		17BB08BF1AE6D99000B0FBDA /* BridgeOfDeathTestTests.swift in Sources */ = {isa = PBXBuildFile; fileRef = 17BB08BE1AE6D99000B0FBDA /* BridgeOfDeathTestTests.swift */; };
		17BB08E11AE6DA2300B0FBDA /* THGBridge.framework in Frameworks */ = {isa = PBXBuildFile; fileRef = 17BB08DE1AE6DA0A00B0FBDA /* THGBridge.framework */; };
/* End PBXBuildFile section */

/* Begin PBXContainerItemProxy section */
		17BB08B91AE6D99000B0FBDA /* PBXContainerItemProxy */ = {
			isa = PBXContainerItemProxy;
			containerPortal = 17BB089B1AE6D99000B0FBDA /* Project object */;
			proxyType = 1;
			remoteGlobalIDString = 17BB08A21AE6D99000B0FBDA;
			remoteInfo = BridgeOfDeathTest;
		};
		17BB08DD1AE6DA0A00B0FBDA /* PBXContainerItemProxy */ = {
			isa = PBXContainerItemProxy;
			containerPortal = 17BB08D61AE6DA0A00B0FBDA /* THGBridge.xcodeproj */;
			proxyType = 2;
			remoteGlobalIDString = CAC38A9D1AC3130B005A3CE0;
			remoteInfo = THGBridge;
		};
		17BB08DF1AE6DA0A00B0FBDA /* PBXContainerItemProxy */ = {
			isa = PBXContainerItemProxy;
			containerPortal = 17BB08D61AE6DA0A00B0FBDA /* THGBridge.xcodeproj */;
			proxyType = 2;
			remoteGlobalIDString = CAC38AA81AC3130B005A3CE0;
			remoteInfo = THGBridgeTests;
		};
/* End PBXContainerItemProxy section */

/* Begin PBXFileReference section */
		17BB08A31AE6D99000B0FBDA /* BridgeOfDeathTest.app */ = {isa = PBXFileReference; explicitFileType = wrapper.application; includeInIndex = 0; path = BridgeOfDeathTest.app; sourceTree = BUILT_PRODUCTS_DIR; };
		17BB08A71AE6D99000B0FBDA /* Info.plist */ = {isa = PBXFileReference; lastKnownFileType = text.plist.xml; path = Info.plist; sourceTree = "<group>"; };
		17BB08A81AE6D99000B0FBDA /* AppDelegate.swift */ = {isa = PBXFileReference; lastKnownFileType = sourcecode.swift; path = AppDelegate.swift; sourceTree = "<group>"; };
		17BB08AA1AE6D99000B0FBDA /* ViewController.swift */ = {isa = PBXFileReference; lastKnownFileType = sourcecode.swift; path = ViewController.swift; sourceTree = "<group>"; };
		17BB08AD1AE6D99000B0FBDA /* Base */ = {isa = PBXFileReference; lastKnownFileType = file.storyboard; name = Base; path = Base.lproj/Main.storyboard; sourceTree = "<group>"; };
		17BB08AF1AE6D99000B0FBDA /* Images.xcassets */ = {isa = PBXFileReference; lastKnownFileType = folder.assetcatalog; path = Images.xcassets; sourceTree = "<group>"; };
		17BB08B21AE6D99000B0FBDA /* Base */ = {isa = PBXFileReference; lastKnownFileType = file.xib; name = Base; path = Base.lproj/LaunchScreen.xib; sourceTree = "<group>"; };
		17BB08B81AE6D99000B0FBDA /* BridgeOfDeathTestTests.xctest */ = {isa = PBXFileReference; explicitFileType = wrapper.cfbundle; includeInIndex = 0; path = BridgeOfDeathTestTests.xctest; sourceTree = BUILT_PRODUCTS_DIR; };
		17BB08BD1AE6D99000B0FBDA /* Info.plist */ = {isa = PBXFileReference; lastKnownFileType = text.plist.xml; path = Info.plist; sourceTree = "<group>"; };
		17BB08BE1AE6D99000B0FBDA /* BridgeOfDeathTestTests.swift */ = {isa = PBXFileReference; lastKnownFileType = sourcecode.swift; path = BridgeOfDeathTestTests.swift; sourceTree = "<group>"; };
		17BB08D61AE6DA0A00B0FBDA /* THGBridge.xcodeproj */ = {isa = PBXFileReference; lastKnownFileType = "wrapper.pb-project"; name = THGBridge.xcodeproj; path = ../THGBridge.xcodeproj; sourceTree = "<group>"; };
/* End PBXFileReference section */

/* Begin PBXFrameworksBuildPhase section */
		17BB08A01AE6D99000B0FBDA /* Frameworks */ = {
			isa = PBXFrameworksBuildPhase;
			buildActionMask = 2147483647;
			files = (
				17BB08E11AE6DA2300B0FBDA /* THGBridge.framework in Frameworks */,
			);
			runOnlyForDeploymentPostprocessing = 0;
		};
		17BB08B51AE6D99000B0FBDA /* Frameworks */ = {
			isa = PBXFrameworksBuildPhase;
			buildActionMask = 2147483647;
			files = (
			);
			runOnlyForDeploymentPostprocessing = 0;
		};
/* End PBXFrameworksBuildPhase section */

/* Begin PBXGroup section */
		17BB089A1AE6D99000B0FBDA = {
			isa = PBXGroup;
			children = (
				17BB08D61AE6DA0A00B0FBDA /* THGBridge.xcodeproj */,
				17BB08A51AE6D99000B0FBDA /* BridgeOfDeathTest */,
				17BB08BB1AE6D99000B0FBDA /* BridgeOfDeathTestTests */,
				17BB08A41AE6D99000B0FBDA /* Products */,
			);
			sourceTree = "<group>";
		};
		17BB08A41AE6D99000B0FBDA /* Products */ = {
			isa = PBXGroup;
			children = (
				17BB08A31AE6D99000B0FBDA /* BridgeOfDeathTest.app */,
				17BB08B81AE6D99000B0FBDA /* BridgeOfDeathTestTests.xctest */,
			);
			name = Products;
			sourceTree = "<group>";
		};
		17BB08A51AE6D99000B0FBDA /* BridgeOfDeathTest */ = {
			isa = PBXGroup;
			children = (
				17BB08A81AE6D99000B0FBDA /* AppDelegate.swift */,
				17BB08AA1AE6D99000B0FBDA /* ViewController.swift */,
				17BB08AC1AE6D99000B0FBDA /* Main.storyboard */,
				17BB08AF1AE6D99000B0FBDA /* Images.xcassets */,
				17BB08B11AE6D99000B0FBDA /* LaunchScreen.xib */,
				17BB08A61AE6D99000B0FBDA /* Supporting Files */,
			);
			path = BridgeOfDeathTest;
			sourceTree = "<group>";
		};
		17BB08A61AE6D99000B0FBDA /* Supporting Files */ = {
			isa = PBXGroup;
			children = (
				17BB08A71AE6D99000B0FBDA /* Info.plist */,
			);
			name = "Supporting Files";
			sourceTree = "<group>";
		};
		17BB08BB1AE6D99000B0FBDA /* BridgeOfDeathTestTests */ = {
			isa = PBXGroup;
			children = (
				17BB08BE1AE6D99000B0FBDA /* BridgeOfDeathTestTests.swift */,
				17BB08BC1AE6D99000B0FBDA /* Supporting Files */,
			);
			path = BridgeOfDeathTestTests;
			sourceTree = "<group>";
		};
		17BB08BC1AE6D99000B0FBDA /* Supporting Files */ = {
			isa = PBXGroup;
			children = (
				17BB08BD1AE6D99000B0FBDA /* Info.plist */,
			);
			name = "Supporting Files";
			sourceTree = "<group>";
		};
		17BB08D71AE6DA0A00B0FBDA /* Products */ = {
			isa = PBXGroup;
			children = (
				17BB08DE1AE6DA0A00B0FBDA /* THGBridge.framework */,
				17BB08E01AE6DA0A00B0FBDA /* THGBridgeTests.xctest */,
			);
			name = Products;
			sourceTree = "<group>";
		};
/* End PBXGroup section */

/* Begin PBXNativeTarget section */
		17BB08A21AE6D99000B0FBDA /* BridgeOfDeathTest */ = {
			isa = PBXNativeTarget;
			buildConfigurationList = 17BB08C21AE6D99000B0FBDA /* Build configuration list for PBXNativeTarget "BridgeOfDeathTest" */;
			buildPhases = (
				17BB089F1AE6D99000B0FBDA /* Sources */,
				17BB08A01AE6D99000B0FBDA /* Frameworks */,
				17BB08A11AE6D99000B0FBDA /* Resources */,
			);
			buildRules = (
			);
			dependencies = (
			);
			name = BridgeOfDeathTest;
			productName = BridgeOfDeathTest;
			productReference = 17BB08A31AE6D99000B0FBDA /* BridgeOfDeathTest.app */;
			productType = "com.apple.product-type.application";
		};
		17BB08B71AE6D99000B0FBDA /* BridgeOfDeathTestTests */ = {
			isa = PBXNativeTarget;
			buildConfigurationList = 17BB08C51AE6D99000B0FBDA /* Build configuration list for PBXNativeTarget "BridgeOfDeathTestTests" */;
			buildPhases = (
				17BB08B41AE6D99000B0FBDA /* Sources */,
				17BB08B51AE6D99000B0FBDA /* Frameworks */,
				17BB08B61AE6D99000B0FBDA /* Resources */,
			);
			buildRules = (
			);
			dependencies = (
				17BB08BA1AE6D99000B0FBDA /* PBXTargetDependency */,
			);
			name = BridgeOfDeathTestTests;
			productName = BridgeOfDeathTestTests;
			productReference = 17BB08B81AE6D99000B0FBDA /* BridgeOfDeathTestTests.xctest */;
			productType = "com.apple.product-type.bundle.unit-test";
		};
/* End PBXNativeTarget section */

/* Begin PBXProject section */
		17BB089B1AE6D99000B0FBDA /* Project object */ = {
			isa = PBXProject;
			attributes = {
				LastUpgradeCheck = 0630;
				ORGANIZATIONNAME = TheHolyGrail;
				TargetAttributes = {
					17BB08A21AE6D99000B0FBDA = {
						CreatedOnToolsVersion = 6.3;
					};
					17BB08B71AE6D99000B0FBDA = {
						CreatedOnToolsVersion = 6.3;
						TestTargetID = 17BB08A21AE6D99000B0FBDA;
					};
				};
			};
			buildConfigurationList = 17BB089E1AE6D99000B0FBDA /* Build configuration list for PBXProject "BridgeOfDeathTest" */;
			compatibilityVersion = "Xcode 3.2";
			developmentRegion = English;
			hasScannedForEncodings = 0;
			knownRegions = (
				en,
				Base,
			);
			mainGroup = 17BB089A1AE6D99000B0FBDA;
			productRefGroup = 17BB08A41AE6D99000B0FBDA /* Products */;
			projectDirPath = "";
			projectReferences = (
				{
					ProductGroup = 17BB08D71AE6DA0A00B0FBDA /* Products */;
					ProjectRef = 17BB08D61AE6DA0A00B0FBDA /* THGBridge.xcodeproj */;
				},
			);
			projectRoot = "";
			targets = (
				17BB08A21AE6D99000B0FBDA /* BridgeOfDeathTest */,
				17BB08B71AE6D99000B0FBDA /* BridgeOfDeathTestTests */,
			);
		};
/* End PBXProject section */

/* Begin PBXReferenceProxy section */
		17BB08DE1AE6DA0A00B0FBDA /* THGBridge.framework */ = {
			isa = PBXReferenceProxy;
			fileType = wrapper.framework;
			path = THGBridge.framework;
			remoteRef = 17BB08DD1AE6DA0A00B0FBDA /* PBXContainerItemProxy */;
			sourceTree = BUILT_PRODUCTS_DIR;
		};
		17BB08E01AE6DA0A00B0FBDA /* THGBridgeTests.xctest */ = {
			isa = PBXReferenceProxy;
			fileType = wrapper.cfbundle;
			path = THGBridgeTests.xctest;
			remoteRef = 17BB08DF1AE6DA0A00B0FBDA /* PBXContainerItemProxy */;
			sourceTree = BUILT_PRODUCTS_DIR;
		};
/* End PBXReferenceProxy section */

/* Begin PBXResourcesBuildPhase section */
		17BB08A11AE6D99000B0FBDA /* Resources */ = {
			isa = PBXResourcesBuildPhase;
			buildActionMask = 2147483647;
			files = (
				17BB08AE1AE6D99000B0FBDA /* Main.storyboard in Resources */,
				17BB08B31AE6D99000B0FBDA /* LaunchScreen.xib in Resources */,
				17BB08B01AE6D99000B0FBDA /* Images.xcassets in Resources */,
			);
			runOnlyForDeploymentPostprocessing = 0;
		};
		17BB08B61AE6D99000B0FBDA /* Resources */ = {
			isa = PBXResourcesBuildPhase;
			buildActionMask = 2147483647;
			files = (
			);
			runOnlyForDeploymentPostprocessing = 0;
		};
/* End PBXResourcesBuildPhase section */

/* Begin PBXSourcesBuildPhase section */
		17BB089F1AE6D99000B0FBDA /* Sources */ = {
			isa = PBXSourcesBuildPhase;
			buildActionMask = 2147483647;
			files = (
				17BB08AB1AE6D99000B0FBDA /* ViewController.swift in Sources */,
				17BB08A91AE6D99000B0FBDA /* AppDelegate.swift in Sources */,
			);
			runOnlyForDeploymentPostprocessing = 0;
		};
		17BB08B41AE6D99000B0FBDA /* Sources */ = {
			isa = PBXSourcesBuildPhase;
			buildActionMask = 2147483647;
			files = (
				17BB08BF1AE6D99000B0FBDA /* BridgeOfDeathTestTests.swift in Sources */,
			);
			runOnlyForDeploymentPostprocessing = 0;
		};
/* End PBXSourcesBuildPhase section */

/* Begin PBXTargetDependency section */
		17BB08BA1AE6D99000B0FBDA /* PBXTargetDependency */ = {
			isa = PBXTargetDependency;
			target = 17BB08A21AE6D99000B0FBDA /* BridgeOfDeathTest */;
			targetProxy = 17BB08B91AE6D99000B0FBDA /* PBXContainerItemProxy */;
		};
/* End PBXTargetDependency section */

/* Begin PBXVariantGroup section */
		17BB08AC1AE6D99000B0FBDA /* Main.storyboard */ = {
			isa = PBXVariantGroup;
			children = (
				17BB08AD1AE6D99000B0FBDA /* Base */,
			);
			name = Main.storyboard;
			sourceTree = "<group>";
		};
		17BB08B11AE6D99000B0FBDA /* LaunchScreen.xib */ = {
			isa = PBXVariantGroup;
			children = (
				17BB08B21AE6D99000B0FBDA /* Base */,
			);
			name = LaunchScreen.xib;
			sourceTree = "<group>";
		};
/* End PBXVariantGroup section */

/* Begin XCBuildConfiguration section */
		17BB08C01AE6D99000B0FBDA /* Debug */ = {
			isa = XCBuildConfiguration;
			buildSettings = {
				ALWAYS_SEARCH_USER_PATHS = NO;
				CLANG_CXX_LANGUAGE_STANDARD = "gnu++0x";
				CLANG_CXX_LIBRARY = "libc++";
				CLANG_ENABLE_MODULES = YES;
				CLANG_ENABLE_OBJC_ARC = YES;
				CLANG_WARN_BOOL_CONVERSION = YES;
				CLANG_WARN_CONSTANT_CONVERSION = YES;
				CLANG_WARN_DIRECT_OBJC_ISA_USAGE = YES_ERROR;
				CLANG_WARN_EMPTY_BODY = YES;
				CLANG_WARN_ENUM_CONVERSION = YES;
				CLANG_WARN_INT_CONVERSION = YES;
				CLANG_WARN_OBJC_ROOT_CLASS = YES_ERROR;
				CLANG_WARN_UNREACHABLE_CODE = YES;
				CLANG_WARN__DUPLICATE_METHOD_MATCH = YES;
				"CODE_SIGN_IDENTITY[sdk=iphoneos*]" = "iPhone Developer";
				COPY_PHASE_STRIP = NO;
				DEBUG_INFORMATION_FORMAT = "dwarf-with-dsym";
				ENABLE_STRICT_OBJC_MSGSEND = YES;
				GCC_C_LANGUAGE_STANDARD = gnu99;
				GCC_DYNAMIC_NO_PIC = NO;
				GCC_NO_COMMON_BLOCKS = YES;
				GCC_OPTIMIZATION_LEVEL = 0;
				GCC_PREPROCESSOR_DEFINITIONS = (
					"DEBUG=1",
					"$(inherited)",
				);
				GCC_SYMBOLS_PRIVATE_EXTERN = NO;
				GCC_WARN_64_TO_32_BIT_CONVERSION = YES;
				GCC_WARN_ABOUT_RETURN_TYPE = YES_ERROR;
				GCC_WARN_UNDECLARED_SELECTOR = YES;
				GCC_WARN_UNINITIALIZED_AUTOS = YES_AGGRESSIVE;
				GCC_WARN_UNUSED_FUNCTION = YES;
				GCC_WARN_UNUSED_VARIABLE = YES;
				IPHONEOS_DEPLOYMENT_TARGET = 8.3;
				MTL_ENABLE_DEBUG_INFO = YES;
				ONLY_ACTIVE_ARCH = YES;
				SDKROOT = iphoneos;
				SWIFT_OPTIMIZATION_LEVEL = "-Onone";
				TARGETED_DEVICE_FAMILY = "1,2";
			};
			name = Debug;
		};
		17BB08C11AE6D99000B0FBDA /* Release */ = {
			isa = XCBuildConfiguration;
			buildSettings = {
				ALWAYS_SEARCH_USER_PATHS = NO;
				CLANG_CXX_LANGUAGE_STANDARD = "gnu++0x";
				CLANG_CXX_LIBRARY = "libc++";
				CLANG_ENABLE_MODULES = YES;
				CLANG_ENABLE_OBJC_ARC = YES;
				CLANG_WARN_BOOL_CONVERSION = YES;
				CLANG_WARN_CONSTANT_CONVERSION = YES;
				CLANG_WARN_DIRECT_OBJC_ISA_USAGE = YES_ERROR;
				CLANG_WARN_EMPTY_BODY = YES;
				CLANG_WARN_ENUM_CONVERSION = YES;
				CLANG_WARN_INT_CONVERSION = YES;
				CLANG_WARN_OBJC_ROOT_CLASS = YES_ERROR;
				CLANG_WARN_UNREACHABLE_CODE = YES;
				CLANG_WARN__DUPLICATE_METHOD_MATCH = YES;
				"CODE_SIGN_IDENTITY[sdk=iphoneos*]" = "iPhone Developer";
				COPY_PHASE_STRIP = NO;
				DEBUG_INFORMATION_FORMAT = "dwarf-with-dsym";
				ENABLE_NS_ASSERTIONS = NO;
				ENABLE_STRICT_OBJC_MSGSEND = YES;
				GCC_C_LANGUAGE_STANDARD = gnu99;
				GCC_NO_COMMON_BLOCKS = YES;
				GCC_WARN_64_TO_32_BIT_CONVERSION = YES;
				GCC_WARN_ABOUT_RETURN_TYPE = YES_ERROR;
				GCC_WARN_UNDECLARED_SELECTOR = YES;
				GCC_WARN_UNINITIALIZED_AUTOS = YES_AGGRESSIVE;
				GCC_WARN_UNUSED_FUNCTION = YES;
				GCC_WARN_UNUSED_VARIABLE = YES;
				IPHONEOS_DEPLOYMENT_TARGET = 8.3;
				MTL_ENABLE_DEBUG_INFO = NO;
				SDKROOT = iphoneos;
				TARGETED_DEVICE_FAMILY = "1,2";
				VALIDATE_PRODUCT = YES;
			};
			name = Release;
		};
		17BB08C31AE6D99000B0FBDA /* Debug */ = {
			isa = XCBuildConfiguration;
			buildSettings = {
				ASSETCATALOG_COMPILER_APPICON_NAME = AppIcon;
				INFOPLIST_FILE = BridgeOfDeathTest/Info.plist;
				LD_RUNPATH_SEARCH_PATHS = "$(inherited) @executable_path/Frameworks";
				PRODUCT_NAME = "$(TARGET_NAME)";
			};
			name = Debug;
		};
		17BB08C41AE6D99000B0FBDA /* Release */ = {
			isa = XCBuildConfiguration;
			buildSettings = {
				ASSETCATALOG_COMPILER_APPICON_NAME = AppIcon;
				INFOPLIST_FILE = BridgeOfDeathTest/Info.plist;
				LD_RUNPATH_SEARCH_PATHS = "$(inherited) @executable_path/Frameworks";
				PRODUCT_NAME = "$(TARGET_NAME)";
			};
			name = Release;
		};
		17BB08C61AE6D99000B0FBDA /* Debug */ = {
			isa = XCBuildConfiguration;
			buildSettings = {
				BUNDLE_LOADER = "$(TEST_HOST)";
				FRAMEWORK_SEARCH_PATHS = (
					"$(SDKROOT)/Developer/Library/Frameworks",
					"$(inherited)",
				);
				GCC_PREPROCESSOR_DEFINITIONS = (
					"DEBUG=1",
					"$(inherited)",
				);
				INFOPLIST_FILE = BridgeOfDeathTestTests/Info.plist;
				LD_RUNPATH_SEARCH_PATHS = "$(inherited) @executable_path/Frameworks @loader_path/Frameworks";
				PRODUCT_NAME = "$(TARGET_NAME)";
				TEST_HOST = "$(BUILT_PRODUCTS_DIR)/BridgeOfDeathTest.app/BridgeOfDeathTest";
			};
			name = Debug;
		};
		17BB08C71AE6D99000B0FBDA /* Release */ = {
			isa = XCBuildConfiguration;
			buildSettings = {
				BUNDLE_LOADER = "$(TEST_HOST)";
				FRAMEWORK_SEARCH_PATHS = (
					"$(SDKROOT)/Developer/Library/Frameworks",
					"$(inherited)",
				);
				INFOPLIST_FILE = BridgeOfDeathTestTests/Info.plist;
				LD_RUNPATH_SEARCH_PATHS = "$(inherited) @executable_path/Frameworks @loader_path/Frameworks";
				PRODUCT_NAME = "$(TARGET_NAME)";
				TEST_HOST = "$(BUILT_PRODUCTS_DIR)/BridgeOfDeathTest.app/BridgeOfDeathTest";
			};
			name = Release;
		};
/* End XCBuildConfiguration section */

/* Begin XCConfigurationList section */
		17BB089E1AE6D99000B0FBDA /* Build configuration list for PBXProject "BridgeOfDeathTest" */ = {
			isa = XCConfigurationList;
			buildConfigurations = (
				17BB08C01AE6D99000B0FBDA /* Debug */,
				17BB08C11AE6D99000B0FBDA /* Release */,
			);
			defaultConfigurationIsVisible = 0;
			defaultConfigurationName = Release;
		};
		17BB08C21AE6D99000B0FBDA /* Build configuration list for PBXNativeTarget "BridgeOfDeathTest" */ = {
			isa = XCConfigurationList;
			buildConfigurations = (
				17BB08C31AE6D99000B0FBDA /* Debug */,
				17BB08C41AE6D99000B0FBDA /* Release */,
			);
			defaultConfigurationIsVisible = 0;
			defaultConfigurationName = Release;
		};
		17BB08C51AE6D99000B0FBDA /* Build configuration list for PBXNativeTarget "BridgeOfDeathTestTests" */ = {
			isa = XCConfigurationList;
			buildConfigurations = (
				17BB08C61AE6D99000B0FBDA /* Debug */,
				17BB08C71AE6D99000B0FBDA /* Release */,
			);
			defaultConfigurationIsVisible = 0;
			defaultConfigurationName = Release;
		};
/* End XCConfigurationList section */
	};
	rootObject = 17BB089B1AE6D99000B0FBDA /* Project object */;
}
